{
  "version": 4,
  "terraform_version": "1.9.4",
  "serial": 33,
  "lineage": "ffc7f2d7-8166-928e-839f-e036bdc50dc5",
  "outputs": {
    "s3_bucket_name": {
      "value": "unique-bucket-name-1234567890",
      "type": "string"
    }
  },
  "resources": [
    {
      "mode": "managed",
      "type": "aws_iam_instance_profile",
      "name": "s3_access_profile",
      "provider": "provider[\"registry.terraform.io/hashicorp/aws\"]",
      "instances": [
        {
          "schema_version": 0,
          "attributes": {
            "arn": "arn:aws:iam::326151034032:instance-profile/s3AccessProfile",
            "create_date": "2024-08-20T11:13:55Z",
            "id": "s3AccessProfile",
            "name": "s3AccessProfile",
            "name_prefix": "",
            "path": "/",
            "role": "s3AccessRole",
            "tags": {},
            "tags_all": {},
            "unique_id": "AIPAUX4A52SYNW3QH2XFU"
          },
          "sensitive_attributes": [],
          "private": "bnVsbA==",
          "dependencies": [
            "aws_iam_role.s3_access_role"
          ]
        }
      ]
    },
    {
      "mode": "managed",
      "type": "aws_iam_role",
      "name": "s3_access_role",
      "provider": "provider[\"registry.terraform.io/hashicorp/aws\"]",
      "instances": [
        {
          "schema_version": 0,
          "attributes": {
            "arn": "arn:aws:iam::326151034032:role/s3AccessRole",
            "assume_role_policy": "{\"Statement\":[{\"Action\":\"sts:AssumeRole\",\"Effect\":\"Allow\",\"Principal\":{\"Service\":\"ec2.amazonaws.com\"}}],\"Version\":\"2012-10-17\"}",
            "create_date": "2024-08-20T11:13:54Z",
            "description": "",
            "force_detach_policies": false,
            "id": "s3AccessRole",
            "inline_policy": [
              {
                "name": "s3AccessPolicy",
                "policy": "{\"Version\":\"2012-10-17\",\"Statement\":[{\"Action\":\"s3:*\",\"Effect\":\"Allow\",\"Resource\":\"arn:aws:s3:::unique-bucket-name-1234567890/*\"}]}"
              }
            ],
            "managed_policy_arns": [],
            "max_session_duration": 3600,
            "name": "s3AccessRole",
            "name_prefix": "",
            "path": "/",
            "permissions_boundary": "",
            "tags": {},
            "tags_all": {},
            "unique_id": "AROAUX4A52SYKSJ4W77SI"
          },
          "sensitive_attributes": [],
          "private": "bnVsbA=="
        }
      ]
    },
    {
      "mode": "managed",
      "type": "aws_iam_role_policy",
      "name": "s3_access_policy",
      "provider": "provider[\"registry.terraform.io/hashicorp/aws\"]",
      "instances": [
        {
          "schema_version": 0,
          "attributes": {
            "id": "s3AccessRole:s3AccessPolicy",
            "name": "s3AccessPolicy",
            "name_prefix": "",
            "policy": "{\"Version\":\"2012-10-17\",\"Statement\":[{\"Action\":\"s3:*\",\"Effect\":\"Allow\",\"Resource\":\"arn:aws:s3:::unique-bucket-name-1234567890/*\"}]}",
            "role": "s3AccessRole"
          },
          "sensitive_attributes": [],
          "private": "bnVsbA==",
          "dependencies": [
            "aws_iam_role.s3_access_role",
            "aws_s3_bucket.static_files"
          ]
        }
      ]
    }
  ],
  "check_results": null
}
